{
  "nodes": {
    "nixpkgs": {
      "locked": {
        "lastModified": 1729206252,
        "narHash": "sha256-lJEiq1wu1dRGACz97JXSGbdqn+nuShewrV/Nftcj7sI=",
        "owner": "NixOS",
        "repo": "nixpkgs",
        "rev": "b5cd423a3684307faf822b875cd186e4d7173a10",
        "type": "github"
      },
      "original": {
        "owner": "NixOS",
        "repo": "nixpkgs",
        "type": "github"
      }
    },
    "root": {
      "inputs": {
        "nixpkgs": "nixpkgs"
      }
    }
  },
  "root": "root",
  "version": 7
}
